{
	"name": "@mpreyes/asurion_aspen_app",
	"version": "1.0.0",
	"lockfileVersion": 1,
	"requires": true,
	"dependencies": {
		"@mpreyes/asurion-aspen-pkg": {
			"version": "1.0.0",
			"resolved": "https://npm.pkg.github.com/download/@mpreyes/asurion-aspen-pkg/1.0.0/cbe86e727e4b2e713dec02c28143813cfa77eeb0",
			"integrity": "sha512-GPfNBMBD4NLTEGn65jmowX/9Ad7fDuVXYl9XZjHOvKAb7SyNYmiomG6zyVmYiTmHnZaVA9iufFOuWCUEGYq3dw=="
		}
	}
}
